// !$*UTF8*$!
{
	archiveVersion = 1;
	classes = {
	};
	objectVersion = 56;
	objects = {

/* Begin PBXBuildFile section */
		DF0F5DC0298EF905001AB1AC /* Message.swift in Sources */ = {isa = PBXBuildFile; fileRef = DF0F5DBF298EF905001AB1AC /* Message.swift */; };
		DF4FCCF0298DBFF000E7D226 /* AlwaysChatGPTApp.swift in Sources */ = {isa = PBXBuildFile; fileRef = DF4FCCEF298DBFF000E7D226 /* AlwaysChatGPTApp.swift */; };
		DF4FCCF2298DBFF000E7D226 /* RootView.swift in Sources */ = {isa = PBXBuildFile; fileRef = DF4FCCF1298DBFF000E7D226 /* RootView.swift */; };
		DF4FCCF4298DBFF100E7D226 /* Assets.xcassets in Resources */ = {isa = PBXBuildFile; fileRef = DF4FCCF3298DBFF100E7D226 /* Assets.xcassets */; };
		DF4FCCF7298DBFF100E7D226 /* Preview Assets.xcassets in Resources */ = {isa = PBXBuildFile; fileRef = DF4FCCF6298DBFF100E7D226 /* Preview Assets.xcassets */; };
		DF4FCD01298DC6AD00E7D226 /* RootViewModel.swift in Sources */ = {isa = PBXBuildFile; fileRef = DF4FCD00298DC6AD00E7D226 /* RootViewModel.swift */; };
		DFA46BBD29903AFC00B51F93 /* ChatGPT.swift in Sources */ = {isa = PBXBuildFile; fileRef = DFA46BBC29903AFC00B51F93 /* ChatGPT.swift */; };
		DFA46BBF29903C2400B51F93 /* CompletionResponse.swift in Sources */ = {isa = PBXBuildFile; fileRef = DFA46BBE29903C2400B51F93 /* CompletionResponse.swift */; };
		DFA46BC129903C3400B51F93 /* Choice.swift in Sources */ = {isa = PBXBuildFile; fileRef = DFA46BC029903C3400B51F93 /* Choice.swift */; };
		DFA46BC929905C4C00B51F93 /* String.swift in Sources */ = {isa = PBXBuildFile; fileRef = DFA46BC829905C4C00B51F93 /* String.swift */; };
		DFA46BCB29905CC800B51F93 /* View.swift in Sources */ = {isa = PBXBuildFile; fileRef = DFA46BCA29905CC800B51F93 /* View.swift */; };
/* End PBXBuildFile section */

/* Begin PBXFileReference section */
		DF0F5DBF298EF905001AB1AC /* Message.swift */ = {isa = PBXFileReference; lastKnownFileType = sourcecode.swift; path = Message.swift; sourceTree = "<group>"; };
		DF4FCCEC298DBFF000E7D226 /* AlwaysChatGPT.app */ = {isa = PBXFileReference; explicitFileType = wrapper.application; includeInIndex = 0; path = AlwaysChatGPT.app; sourceTree = BUILT_PRODUCTS_DIR; };
		DF4FCCEF298DBFF000E7D226 /* AlwaysChatGPTApp.swift */ = {isa = PBXFileReference; lastKnownFileType = sourcecode.swift; path = AlwaysChatGPTApp.swift; sourceTree = "<group>"; };
		DF4FCCF1298DBFF000E7D226 /* RootView.swift */ = {isa = PBXFileReference; lastKnownFileType = sourcecode.swift; path = RootView.swift; sourceTree = "<group>"; };
		DF4FCCF3298DBFF100E7D226 /* Assets.xcassets */ = {isa = PBXFileReference; lastKnownFileType = folder.assetcatalog; path = Assets.xcassets; sourceTree = "<group>"; };
		DF4FCCF6298DBFF100E7D226 /* Preview Assets.xcassets */ = {isa = PBXFileReference; lastKnownFileType = folder.assetcatalog; path = "Preview Assets.xcassets"; sourceTree = "<group>"; };
		DF4FCCF8298DBFF100E7D226 /* AlwaysChatGPT.entitlements */ = {isa = PBXFileReference; lastKnownFileType = text.plist.entitlements; path = AlwaysChatGPT.entitlements; sourceTree = "<group>"; };
		DF4FCD00298DC6AD00E7D226 /* RootViewModel.swift */ = {isa = PBXFileReference; lastKnownFileType = sourcecode.swift; path = RootViewModel.swift; sourceTree = "<group>"; };
		DFA46BBC29903AFC00B51F93 /* ChatGPT.swift */ = {isa = PBXFileReference; lastKnownFileType = sourcecode.swift; path = ChatGPT.swift; sourceTree = "<group>"; };
		DFA46BBE29903C2400B51F93 /* CompletionResponse.swift */ = {isa = PBXFileReference; lastKnownFileType = sourcecode.swift; path = CompletionResponse.swift; sourceTree = "<group>"; };
		DFA46BC029903C3400B51F93 /* Choice.swift */ = {isa = PBXFileReference; lastKnownFileType = sourcecode.swift; path = Choice.swift; sourceTree = "<group>"; };
		DFA46BC829905C4C00B51F93 /* String.swift */ = {isa = PBXFileReference; lastKnownFileType = sourcecode.swift; path = String.swift; sourceTree = "<group>"; };
		DFA46BCA29905CC800B51F93 /* View.swift */ = {isa = PBXFileReference; lastKnownFileType = sourcecode.swift; path = View.swift; sourceTree = "<group>"; };
/* End PBXFileReference section */

/* Begin PBXFrameworksBuildPhase section */
		DF4FCCE9298DBFF000E7D226 /* Frameworks */ = {
			isa = PBXFrameworksBuildPhase;
			buildActionMask = 2147483647;
			files = (
			);
			runOnlyForDeploymentPostprocessing = 0;
		};
/* End PBXFrameworksBuildPhase section */

/* Begin PBXGroup section */
		DF4FCCE3298DBFF000E7D226 = {
			isa = PBXGroup;
			children = (
				DF4FCCEE298DBFF000E7D226 /* AlwaysChatGPT */,
				DF4FCCED298DBFF000E7D226 /* Products */,
			);
			sourceTree = "<group>";
		};
		DF4FCCED298DBFF000E7D226 /* Products */ = {
			isa = PBXGroup;
			children = (
				DF4FCCEC298DBFF000E7D226 /* AlwaysChatGPT.app */,
			);
			name = Products;
			sourceTree = "<group>";
		};
		DF4FCCEE298DBFF000E7D226 /* AlwaysChatGPT */ = {
			isa = PBXGroup;
			children = (
				DFA46BC729905C3B00B51F93 /* Extensions */,
				DFA46BBB29903AEC00B51F93 /* API */,
				DF4FCD04298DC83A00E7D226 /* Models */,
				DF4FCCFE298DC67400E7D226 /* Views */,
				DF4FCCFF298DC6A200E7D226 /* ViewModels */,
				DF4FCCEF298DBFF000E7D226 /* AlwaysChatGPTApp.swift */,
				DF4FCCF3298DBFF100E7D226 /* Assets.xcassets */,
				DF4FCCF6298DBFF100E7D226 /* Preview Assets.xcassets */,
				DF4FCCF8298DBFF100E7D226 /* AlwaysChatGPT.entitlements */,
			);
			path = AlwaysChatGPT;
			sourceTree = "<group>";
		};
		DF4FCCFE298DC67400E7D226 /* Views */ = {
			isa = PBXGroup;
			children = (
				DF4FCCF1298DBFF000E7D226 /* RootView.swift */,
			);
			path = Views;
			sourceTree = "<group>";
		};
		DF4FCCFF298DC6A200E7D226 /* ViewModels */ = {
			isa = PBXGroup;
			children = (
				DF4FCD00298DC6AD00E7D226 /* RootViewModel.swift */,
			);
			path = ViewModels;
			sourceTree = "<group>";
		};
		DF4FCD04298DC83A00E7D226 /* Models */ = {
			isa = PBXGroup;
			children = (
				DF0F5DBF298EF905001AB1AC /* Message.swift */,
				DFA46BBE29903C2400B51F93 /* CompletionResponse.swift */,
				DFA46BC029903C3400B51F93 /* Choice.swift */,
			);
			path = Models;
			sourceTree = "<group>";
		};
		DFA46BBB29903AEC00B51F93 /* API */ = {
			isa = PBXGroup;
			children = (
				DFA46BBC29903AFC00B51F93 /* ChatGPT.swift */,
			);
			path = API;
			sourceTree = "<group>";
		};
		DFA46BC729905C3B00B51F93 /* Extensions */ = {
			isa = PBXGroup;
			children = (
				DFA46BC829905C4C00B51F93 /* String.swift */,
				DFA46BCA29905CC800B51F93 /* View.swift */,
			);
			path = Extensions;
			sourceTree = "<group>";
		};
/* End PBXGroup section */

/* Begin PBXNativeTarget section */
		DF4FCCEB298DBFF000E7D226 /* AlwaysChatGPT */ = {
			isa = PBXNativeTarget;
			buildConfigurationList = DF4FCCFB298DBFF100E7D226 /* Build configuration list for PBXNativeTarget "AlwaysChatGPT" */;
			buildPhases = (
				DF4FCCE8298DBFF000E7D226 /* Sources */,
				DF4FCCE9298DBFF000E7D226 /* Frameworks */,
				DF4FCCEA298DBFF000E7D226 /* Resources */,
			);
			buildRules = (
			);
			dependencies = (
			);
			name = AlwaysChatGPT;
			productName = AlwaysChatGPT;
			productReference = DF4FCCEC298DBFF000E7D226 /* AlwaysChatGPT.app */;
			productType = "com.apple.product-type.application";
		};
/* End PBXNativeTarget section */

/* Begin PBXProject section */
		DF4FCCE4298DBFF000E7D226 /* Project object */ = {
			isa = PBXProject;
			attributes = {
				BuildIndependentTargetsInParallel = 1;
				LastSwiftUpdateCheck = 1420;
				LastUpgradeCheck = 1420;
				TargetAttributes = {
					DF4FCCEB298DBFF000E7D226 = {
						CreatedOnToolsVersion = 14.2;
					};
				};
			};
			buildConfigurationList = DF4FCCE7298DBFF000E7D226 /* Build configuration list for PBXProject "AlwaysChatGPT" */;
			compatibilityVersion = "Xcode 14.0";
			developmentRegion = en;
			hasScannedForEncodings = 0;
			knownRegions = (
				en,
				Base,
			);
			mainGroup = DF4FCCE3298DBFF000E7D226;
			productRefGroup = DF4FCCED298DBFF000E7D226 /* Products */;
			projectDirPath = "";
			projectRoot = "";
			targets = (
				DF4FCCEB298DBFF000E7D226 /* AlwaysChatGPT */,
			);
		};
/* End PBXProject section */

/* Begin PBXResourcesBuildPhase section */
		DF4FCCEA298DBFF000E7D226 /* Resources */ = {
			isa = PBXResourcesBuildPhase;
			buildActionMask = 2147483647;
			files = (
				DF4FCCF7298DBFF100E7D226 /* Preview Assets.xcassets in Resources */,
				DF4FCCF4298DBFF100E7D226 /* Assets.xcassets in Resources */,
			);
			runOnlyForDeploymentPostprocessing = 0;
		};
/* End PBXResourcesBuildPhase section */

/* Begin PBXSourcesBuildPhase section */
		DF4FCCE8298DBFF000E7D226 /* Sources */ = {
			isa = PBXSourcesBuildPhase;
			buildActionMask = 2147483647;
			files = (
				DFA46BBF29903C2400B51F93 /* CompletionResponse.swift in Sources */,
				DF4FCCF2298DBFF000E7D226 /* RootView.swift in Sources */,
				DFA46BC129903C3400B51F93 /* Choice.swift in Sources */,
				DF0F5DC0298EF905001AB1AC /* Message.swift in Sources */,
				DFA46BBD29903AFC00B51F93 /* ChatGPT.swift in Sources */,
				DFA46BCB29905CC800B51F93 /* View.swift in Sources */,
				DF4FCD01298DC6AD00E7D226 /* RootViewModel.swift in Sources */,
				DFA46BC929905C4C00B51F93 /* String.swift in Sources */,
				DF4FCCF0298DBFF000E7D226 /* AlwaysChatGPTApp.swift in Sources */,
			);
			runOnlyForDeploymentPostprocessing = 0;
		};
/* End PBXSourcesBuildPhase section */

/* Begin XCBuildConfiguration section */
		DF4FCCF9298DBFF100E7D226 /* Debug */ = {
			isa = XCBuildConfiguration;
			buildSettings = {
				ALWAYS_SEARCH_USER_PATHS = NO;
				CLANG_ANALYZER_NONNULL = YES;
				CLANG_ANALYZER_NUMBER_OBJECT_CONVERSION = YES_AGGRESSIVE;
				CLANG_CXX_LANGUAGE_STANDARD = "gnu++20";
				CLANG_ENABLE_MODULES = YES;
				CLANG_ENABLE_OBJC_ARC = YES;
				CLANG_ENABLE_OBJC_WEAK = YES;
				CLANG_WARN_BLOCK_CAPTURE_AUTORELEASING = YES;
				CLANG_WARN_BOOL_CONVERSION = YES;
				CLANG_WARN_COMMA = YES;
				CLANG_WARN_CONSTANT_CONVERSION = YES;
				CLANG_WARN_DEPRECATED_OBJC_IMPLEMENTATIONS = YES;
				CLANG_WARN_DIRECT_OBJC_ISA_USAGE = YES_ERROR;
				CLANG_WARN_DOCUMENTATION_COMMENTS = YES;
				CLANG_WARN_EMPTY_BODY = YES;
				CLANG_WARN_ENUM_CONVERSION = YES;
				CLANG_WARN_INFINITE_RECURSION = YES;
				CLANG_WARN_INT_CONVERSION = YES;
				CLANG_WARN_NON_LITERAL_NULL_CONVERSION = YES;
				CLANG_WARN_OBJC_IMPLICIT_RETAIN_SELF = YES;
				CLANG_WARN_OBJC_LITERAL_CONVERSION = YES;
				CLANG_WARN_OBJC_ROOT_CLASS = YES_ERROR;
				CLANG_WARN_QUOTED_INCLUDE_IN_FRAMEWORK_HEADER = YES;
				CLANG_WARN_RANGE_LOOP_ANALYSIS = YES;
				CLANG_WARN_STRICT_PROTOTYPES = YES;
				CLANG_WARN_SUSPICIOUS_MOVE = YES;
				CLANG_WARN_UNGUARDED_AVAILABILITY = YES_AGGRESSIVE;
				CLANG_WARN_UNREACHABLE_CODE = YES;
				CLANG_WARN__DUPLICATE_METHOD_MATCH = YES;
				COPY_PHASE_STRIP = NO;
				DEBUG_INFORMATION_FORMAT = dwarf;
				ENABLE_STRICT_OBJC_MSGSEND = YES;
				ENABLE_TESTABILITY = YES;
				GCC_C_LANGUAGE_STANDARD = gnu11;
				GCC_DYNAMIC_NO_PIC = NO;
				GCC_NO_COMMON_BLOCKS = YES;
				GCC_OPTIMIZATION_LEVEL = 0;
				GCC_PREPROCESSOR_DEFINITIONS = (
					"DEBUG=1",
					"$(inherited)",
				);
				GCC_WARN_64_TO_32_BIT_CONVERSION = YES;
				GCC_WARN_ABOUT_RETURN_TYPE = YES_ERROR;
				GCC_WARN_UNDECLARED_SELECTOR = YES;
				GCC_WARN_UNINITIALIZED_AUTOS = YES_AGGRESSIVE;
				GCC_WARN_UNUSED_FUNCTION = YES;
				GCC_WARN_UNUSED_VARIABLE = YES;
				MACOSX_DEPLOYMENT_TARGET = 13.0;
				MTL_ENABLE_DEBUG_INFO = INCLUDE_SOURCE;
				MTL_FAST_MATH = YES;
				ONLY_ACTIVE_ARCH = YES;
				SDKROOT = macosx;
				SWIFT_ACTIVE_COMPILATION_CONDITIONS = DEBUG;
				SWIFT_OPTIMIZATION_LEVEL = "-Onone";
			};
			name = Debug;
		};
		DF4FCCFA298DBFF100E7D226 /* Release */ = {
			isa = XCBuildConfiguration;
			buildSettings = {
				ALWAYS_SEARCH_USER_PATHS = NO;
				CLANG_ANALYZER_NONNULL = YES;
				CLANG_ANALYZER_NUMBER_OBJECT_CONVERSION = YES_AGGRESSIVE;
				CLANG_CXX_LANGUAGE_STANDARD = "gnu++20";
				CLANG_ENABLE_MODULES = YES;
				CLANG_ENABLE_OBJC_ARC = YES;
				CLANG_ENABLE_OBJC_WEAK = YES;
				CLANG_WARN_BLOCK_CAPTURE_AUTORELEASING = YES;
				CLANG_WARN_BOOL_CONVERSION = YES;
				CLANG_WARN_COMMA = YES;
				CLANG_WARN_CONSTANT_CONVERSION = YES;
				CLANG_WARN_DEPRECATED_OBJC_IMPLEMENTATIONS = YES;
				CLANG_WARN_DIRECT_OBJC_ISA_USAGE = YES_ERROR;
				CLANG_WARN_DOCUMENTATION_COMMENTS = YES;
				CLANG_WARN_EMPTY_BODY = YES;
				CLANG_WARN_ENUM_CONVERSION = YES;
				CLANG_WARN_INFINITE_RECURSION = YES;
				CLANG_WARN_INT_CONVERSION = YES;
				CLANG_WARN_NON_LITERAL_NULL_CONVERSION = YES;
				CLANG_WARN_OBJC_IMPLICIT_RETAIN_SELF = YES;
				CLANG_WARN_OBJC_LITERAL_CONVERSION = YES;
				CLANG_WARN_OBJC_ROOT_CLASS = YES_ERROR;
				CLANG_WARN_QUOTED_INCLUDE_IN_FRAMEWORK_HEADER = YES;
				CLANG_WARN_RANGE_LOOP_ANALYSIS = YES;
				CLANG_WARN_STRICT_PROTOTYPES = YES;
				CLANG_WARN_SUSPICIOUS_MOVE = YES;
				CLANG_WARN_UNGUARDED_AVAILABILITY = YES_AGGRESSIVE;
				CLANG_WARN_UNREACHABLE_CODE = YES;
				CLANG_WARN__DUPLICATE_METHOD_MATCH = YES;
				COPY_PHASE_STRIP = NO;
				DEBUG_INFORMATION_FORMAT = "dwarf-with-dsym";
				ENABLE_NS_ASSERTIONS = NO;
				ENABLE_STRICT_OBJC_MSGSEND = YES;
				GCC_C_LANGUAGE_STANDARD = gnu11;
				GCC_NO_COMMON_BLOCKS = YES;
				GCC_WARN_64_TO_32_BIT_CONVERSION = YES;
				GCC_WARN_ABOUT_RETURN_TYPE = YES_ERROR;
				GCC_WARN_UNDECLARED_SELECTOR = YES;
				GCC_WARN_UNINITIALIZED_AUTOS = YES_AGGRESSIVE;
				GCC_WARN_UNUSED_FUNCTION = YES;
				GCC_WARN_UNUSED_VARIABLE = YES;
				MACOSX_DEPLOYMENT_TARGET = 13.0;
				MTL_ENABLE_DEBUG_INFO = NO;
				MTL_FAST_MATH = YES;
				SDKROOT = macosx;
				SWIFT_COMPILATION_MODE = wholemodule;
				SWIFT_OPTIMIZATION_LEVEL = "-O";
			};
			name = Release;
		};
		DF4FCCFC298DBFF100E7D226 /* Debug */ = {
			isa = XCBuildConfiguration;
			buildSettings = {
				ASSETCATALOG_COMPILER_APPICON_NAME = AppIcon;
				ASSETCATALOG_COMPILER_GLOBAL_ACCENT_COLOR_NAME = AccentColor;
				CODE_SIGN_ENTITLEMENTS = AlwaysChatGPT/AlwaysChatGPT.entitlements;
				CODE_SIGN_STYLE = Automatic;
				COMBINE_HIDPI_IMAGES = YES;
				CURRENT_PROJECT_VERSION = 1;
				DEVELOPMENT_ASSET_PATHS = "\"AlwaysChatGPT/\"";
				DEVELOPMENT_TEAM = 7Z2WHPKU8W;
				ENABLE_HARDENED_RUNTIME = YES;
				ENABLE_PREVIEWS = YES;
				GENERATE_INFOPLIST_FILE = YES;
				INFOPLIST_FILE = "";
				INFOPLIST_KEY_LSUIElement = YES;
				INFOPLIST_KEY_NSHumanReadableCopyright = "";
				LD_RUNPATH_SEARCH_PATHS = (
					"$(inherited)",
					"@executable_path/../Frameworks",
				);
				MARKETING_VERSION = 1.0;
				PRODUCT_BUNDLE_IDENTIFIER = com.levochka.AlwaysChatGPT;
				PRODUCT_NAME = "$(TARGET_NAME)";
				SWIFT_EMIT_LOC_STRINGS = YES;
				SWIFT_VERSION = 5.0;
			};
			name = Debug;
		};
		DF4FCCFD298DBFF100E7D226 /* Release */ = {
			isa = XCBuildConfiguration;
			buildSettings = {
				ASSETCATALOG_COMPILER_APPICON_NAME = AppIcon;
				ASSETCATALOG_COMPILER_GLOBAL_ACCENT_COLOR_NAME = AccentColor;
				CODE_SIGN_ENTITLEMENTS = AlwaysChatGPT/AlwaysChatGPT.entitlements;
				CODE_SIGN_STYLE = Automatic;
				COMBINE_HIDPI_IMAGES = YES;
				CURRENT_PROJECT_VERSION = 1;
				DEVELOPMENT_ASSET_PATHS = "\"AlwaysChatGPT/\"";
				DEVELOPMENT_TEAM = 7Z2WHPKU8W;
				ENABLE_HARDENED_RUNTIME = YES;
				ENABLE_PREVIEWS = YES;
				GENERATE_INFOPLIST_FILE = YES;
				INFOPLIST_FILE = "";
				INFOPLIST_KEY_LSUIElement = YES;
				INFOPLIST_KEY_NSHumanReadableCopyright = "";
				LD_RUNPATH_SEARCH_PATHS = (
					"$(inherited)",
					"@executable_path/../Frameworks",
				);
				MARKETING_VERSION = 1.0;
				PRODUCT_BUNDLE_IDENTIFIER = com.levochka.AlwaysChatGPT;
				PRODUCT_NAME = "$(TARGET_NAME)";
				SWIFT_EMIT_LOC_STRINGS = YES;
				SWIFT_VERSION = 5.0;
			};
			name = Release;
		};
/* End XCBuildConfiguration section */

/* Begin XCConfigurationList section */
		DF4FCCE7298DBFF000E7D226 /* Build configuration list for PBXProject "AlwaysChatGPT" */ = {
			isa = XCConfigurationList;
			buildConfigurations = (
				DF4FCCF9298DBFF100E7D226 /* Debug */,
				DF4FCCFA298DBFF100E7D226 /* Release */,
			);
			defaultConfigurationIsVisible = 0;
			defaultConfigurationName = Release;
		};
		DF4FCCFB298DBFF100E7D226 /* Build configuration list for PBXNativeTarget "AlwaysChatGPT" */ = {
			isa = XCConfigurationList;
			buildConfigurations = (
				DF4FCCFC298DBFF100E7D226 /* Debug */,
				DF4FCCFD298DBFF100E7D226 /* Release */,
			);
			defaultConfigurationIsVisible = 0;
			defaultConfigurationName = Release;
		};
/* End XCConfigurationList section */
	};
	rootObject = DF4FCCE4298DBFF000E7D226 /* Project object */;
}
